
Microsoft Visual Studio Solution File, Format Version 12.00
# Visual Studio Version 16
VisualStudioVersion = 16.0.30611.23
MinimumVisualStudioVersion = 10.0.40219.1
Project("{FAE04EC0-301F-11D3-BF4B-00C04F79EFBC}") = "Cyphered", "Cyphered\Cyphered.csproj", "{D3B64D5B-654F-4D15-9629-5066C4FE64CC}"
EndProject
Global
	GlobalSection(SolutionConfigurationPlatforms) = preSolution
		Debug|Any CPU = Debug|Any CPU
		Release|Any CPU = Release|Any CPU
	EndGlobalSection
	GlobalSection(ProjectConfigurationPlatforms) = postSolution
		{D3B64D5B-654F-4D15-9629-5066C4FE64CC}.Debug|Any CPU.ActiveCfg = Debug|Any CPU
		{D3B64D5B-654F-4D15-9629-5066C4FE64CC}.Debug|Any CPU.Build.0 = Debug|Any CPU
		{D3B64D5B-654F-4D15-9629-5066C4FE64CC}.Release|Any CPU.ActiveCfg = Release|Any CPU
		{D3B64D5B-654F-4D15-9629-5066C4FE64CC}.Release|Any CPU.Build.0 = Release|Any CPU
	EndGlobalSection
	GlobalSection(SolutionProperties) = preSolution
		HideSolutionNode = FALSE
	EndGlobalSection
	GlobalSection(ExtensibilityGlobals) = postSolution
		SolutionGuid = {89F0B629-2EB7-46B6-9BA9-4ED8CA8405F6}
	EndGlobalSection
EndGlobal
